
Microsoft Visual Studio Solution File, Format Version 12.00
# Visual Studio Version 17
VisualStudioVersion = 17.0.31903.59
MinimumVisualStudioVersion = 10.0.40219.1
Project("{FAE04EC0-301F-11D3-BF4B-00C04F79EFBC}") = "Dictator.Application", "Dictator.Application\Dictator.Application.csproj", "{99650D27-E24D-4F19-BB80-0AADB7CD98DC}"
EndProject
Project("{FAE04EC0-301F-11D3-BF4B-00C04F79EFBC}") = "Dictator.Domain", "Dictator.Domain\Dictator.Domain.csproj", "{892B6A15-F5D4-441C-97BA-A2E50AA7EC03}"
EndProject
Project("{FAE04EC0-301F-11D3-BF4B-00C04F79EFBC}") = "Dictator.TestConsole", "Dictator.TestConsole\Dictator.TestConsole.csproj", "{E5ADACF1-AFE3-40B2-9823-316392AD6C0D}"
EndProject
Global
	GlobalSection(SolutionConfigurationPlatforms) = preSolution
		Debug|Any CPU = Debug|Any CPU
		Debug|x64 = Debug|x64
		Debug|x86 = Debug|x86
		Release|Any CPU = Release|Any CPU
		Release|x64 = Release|x64
		Release|x86 = Release|x86
	EndGlobalSection
	GlobalSection(ProjectConfigurationPlatforms) = postSolution
		{99650D27-E24D-4F19-BB80-0AADB7CD98DC}.Debug|Any CPU.ActiveCfg = Debug|Any CPU
		{99650D27-E24D-4F19-BB80-0AADB7CD98DC}.Debug|Any CPU.Build.0 = Debug|Any CPU
		{99650D27-E24D-4F19-BB80-0AADB7CD98DC}.Debug|x64.ActiveCfg = Debug|Any CPU
		{99650D27-E24D-4F19-BB80-0AADB7CD98DC}.Debug|x64.Build.0 = Debug|Any CPU
		{99650D27-E24D-4F19-BB80-0AADB7CD98DC}.Debug|x86.ActiveCfg = Debug|Any CPU
		{99650D27-E24D-4F19-BB80-0AADB7CD98DC}.Debug|x86.Build.0 = Debug|Any CPU
		{99650D27-E24D-4F19-BB80-0AADB7CD98DC}.Release|Any CPU.ActiveCfg = Release|Any CPU
		{99650D27-E24D-4F19-BB80-0AADB7CD98DC}.Release|Any CPU.Build.0 = Release|Any CPU
		{99650D27-E24D-4F19-BB80-0AADB7CD98DC}.Release|x64.ActiveCfg = Release|Any CPU
		{99650D27-E24D-4F19-BB80-0AADB7CD98DC}.Release|x64.Build.0 = Release|Any CPU
		{99650D27-E24D-4F19-BB80-0AADB7CD98DC}.Release|x86.ActiveCfg = Release|Any CPU
		{99650D27-E24D-4F19-BB80-0AADB7CD98DC}.Release|x86.Build.0 = Release|Any CPU
		{892B6A15-F5D4-441C-97BA-A2E50AA7EC03}.Debug|Any CPU.ActiveCfg = Debug|Any CPU
		{892B6A15-F5D4-441C-97BA-A2E50AA7EC03}.Debug|Any CPU.Build.0 = Debug|Any CPU
		{892B6A15-F5D4-441C-97BA-A2E50AA7EC03}.Debug|x64.ActiveCfg = Debug|Any CPU
		{892B6A15-F5D4-441C-97BA-A2E50AA7EC03}.Debug|x64.Build.0 = Debug|Any CPU
		{892B6A15-F5D4-441C-97BA-A2E50AA7EC03}.Debug|x86.ActiveCfg = Debug|Any CPU
		{892B6A15-F5D4-441C-97BA-A2E50AA7EC03}.Debug|x86.Build.0 = Debug|Any CPU
		{892B6A15-F5D4-441C-97BA-A2E50AA7EC03}.Release|Any CPU.ActiveCfg = Release|Any CPU
		{892B6A15-F5D4-441C-97BA-A2E50AA7EC03}.Release|Any CPU.Build.0 = Release|Any CPU
		{892B6A15-F5D4-441C-97BA-A2E50AA7EC03}.Release|x64.ActiveCfg = Release|Any CPU
		{892B6A15-F5D4-441C-97BA-A2E50AA7EC03}.Release|x64.Build.0 = Release|Any CPU
		{892B6A15-F5D4-441C-97BA-A2E50AA7EC03}.Release|x86.ActiveCfg = Release|Any CPU
		{892B6A15-F5D4-441C-97BA-A2E50AA7EC03}.Release|x86.Build.0 = Release|Any CPU
		{E5ADACF1-AFE3-40B2-9823-316392AD6C0D}.Debug|Any CPU.ActiveCfg = Debug|Any CPU
		{E5ADACF1-AFE3-40B2-9823-316392AD6C0D}.Debug|Any CPU.Build.0 = Debug|Any CPU
		{E5ADACF1-AFE3-40B2-9823-316392AD6C0D}.Debug|x64.ActiveCfg = Debug|Any CPU
		{E5ADACF1-AFE3-40B2-9823-316392AD6C0D}.Debug|x64.Build.0 = Debug|Any CPU
		{E5ADACF1-AFE3-40B2-9823-316392AD6C0D}.Debug|x86.ActiveCfg = Debug|Any CPU
		{E5ADACF1-AFE3-40B2-9823-316392AD6C0D}.Debug|x86.Build.0 = Debug|Any CPU
		{E5ADACF1-AFE3-40B2-9823-316392AD6C0D}.Release|Any CPU.ActiveCfg = Release|Any CPU
		{E5ADACF1-AFE3-40B2-9823-316392AD6C0D}.Release|Any CPU.Build.0 = Release|Any CPU
		{E5ADACF1-AFE3-40B2-9823-316392AD6C0D}.Release|x64.ActiveCfg = Release|Any CPU
		{E5ADACF1-AFE3-40B2-9823-316392AD6C0D}.Release|x64.Build.0 = Release|Any CPU
		{E5ADACF1-AFE3-40B2-9823-316392AD6C0D}.Release|x86.ActiveCfg = Release|Any CPU
		{E5ADACF1-AFE3-40B2-9823-316392AD6C0D}.Release|x86.Build.0 = Release|Any CPU
	EndGlobalSection
	GlobalSection(SolutionProperties) = preSolution
		HideSolutionNode = FALSE
	EndGlobalSection
EndGlobal
